
Microsoft Visual Studio Solution File, Format Version 12.00
# Visual Studio Version 17
VisualStudioVersion = 17.13.35919.96 d17.13
MinimumVisualStudioVersion = 10.0.40219.1
Project("{FAE04EC0-301F-11D3-BF4B-00C04F79EFBC}") = "ProgProdAvanz_Semana2", "ProgProdAvanz_Semana2.csproj", "{450E4CE7-D7AA-49D2-B5AF-9A054D48612C}"
EndProject
Global
	GlobalSection(SolutionConfigurationPlatforms) = preSolution
		Debug|Any CPU = Debug|Any CPU
		Release|Any CPU = Release|Any CPU
	EndGlobalSection
	GlobalSection(ProjectConfigurationPlatforms) = postSolution
		{450E4CE7-D7AA-49D2-B5AF-9A054D48612C}.Debug|Any CPU.ActiveCfg = Debug|Any CPU
		{450E4CE7-D7AA-49D2-B5AF-9A054D48612C}.Debug|Any CPU.Build.0 = Debug|Any CPU
		{450E4CE7-D7AA-49D2-B5AF-9A054D48612C}.Release|Any CPU.ActiveCfg = Release|Any CPU
		{450E4CE7-D7AA-49D2-B5AF-9A054D48612C}.Release|Any CPU.Build.0 = Release|Any CPU
	EndGlobalSection
	GlobalSection(SolutionProperties) = preSolution
		HideSolutionNode = FALSE
	EndGlobalSection
	GlobalSection(ExtensibilityGlobals) = postSolution
		SolutionGuid = {490E17C1-271E-4A77-ADDC-F6B83B50BDF4}
	EndGlobalSection
EndGlobal
